
Microsoft Visual Studio Solution File, Format Version 12.00
# Visual Studio 15
VisualStudioVersion = 15.0.26124.0
MinimumVisualStudioVersion = 15.0.26124.0
Project("{2150E333-8FDC-42A3-9474-1A3956D46DE8}") = "src", "src", "{D205B9A9-3CCD-483D-9B5B-140081EEF483}"
EndProject
Project("{FAE04EC0-301F-11D3-BF4B-00C04F79EFBC}") = "Condominio.Domain", "src\Condominio.Domain\Condominio.Domain.csproj", "{0C4C1689-CC00-46AC-BB84-05660BF015A8}"
EndProject
Project("{FAE04EC0-301F-11D3-BF4B-00C04F79EFBC}") = "Condominio.Domain.Core", "src\Condominio.Domain.Core\Condominio.Domain.Core.csproj", "{939D64CB-7E24-4A1C-8725-85B1B856E005}"
EndProject
Project("{FAE04EC0-301F-11D3-BF4B-00C04F79EFBC}") = "Condominio.Infra.Bus", "src\Condominio.Infra.Bus\Condominio.Infra.Bus.csproj", "{0517C187-EDB9-4A4A-93A6-815AEDD86E8C}"
EndProject
Project("{FAE04EC0-301F-11D3-BF4B-00C04F79EFBC}") = "Condominio.Infra.data", "src\Condominio.Infra.Data\Condominio.Infra.data.csproj", "{0E602A2E-E0AF-425C-A10C-BA466E14D547}"
EndProject
Project("{FAE04EC0-301F-11D3-BF4B-00C04F79EFBC}") = "Condominio.Infra.IOC", "src\Condominio.Infra.IOC\Condominio.Infra.IOC.csproj", "{8F5FA053-B672-4962-B8FB-67409B0996D6}"
EndProject
Project("{FAE04EC0-301F-11D3-BF4B-00C04F79EFBC}") = "Condominio.Service", "src\Condominio.Service\Condominio.Service.csproj", "{2F7F6AE2-0FA2-4C57-867E-76B468DFC77F}"
EndProject
Project("{FAE04EC0-301F-11D3-BF4B-00C04F79EFBC}") = "Condominio.WebApi", "src\Condominio.WebApi\Condominio.WebApi.csproj", "{401A7C32-7ACF-44B8-AB04-064559C74908}"
EndProject
Global
	GlobalSection(SolutionConfigurationPlatforms) = preSolution
		Debug|Any CPU = Debug|Any CPU
		Debug|x64 = Debug|x64
		Debug|x86 = Debug|x86
		Release|Any CPU = Release|Any CPU
		Release|x64 = Release|x64
		Release|x86 = Release|x86
	EndGlobalSection
	GlobalSection(SolutionProperties) = preSolution
		HideSolutionNode = FALSE
	EndGlobalSection
	GlobalSection(ProjectConfigurationPlatforms) = postSolution
		{0C4C1689-CC00-46AC-BB84-05660BF015A8}.Debug|Any CPU.ActiveCfg = Debug|Any CPU
		{0C4C1689-CC00-46AC-BB84-05660BF015A8}.Debug|Any CPU.Build.0 = Debug|Any CPU
		{0C4C1689-CC00-46AC-BB84-05660BF015A8}.Debug|x64.ActiveCfg = Debug|Any CPU
		{0C4C1689-CC00-46AC-BB84-05660BF015A8}.Debug|x64.Build.0 = Debug|Any CPU
		{0C4C1689-CC00-46AC-BB84-05660BF015A8}.Debug|x86.ActiveCfg = Debug|Any CPU
		{0C4C1689-CC00-46AC-BB84-05660BF015A8}.Debug|x86.Build.0 = Debug|Any CPU
		{0C4C1689-CC00-46AC-BB84-05660BF015A8}.Release|Any CPU.ActiveCfg = Release|Any CPU
		{0C4C1689-CC00-46AC-BB84-05660BF015A8}.Release|Any CPU.Build.0 = Release|Any CPU
		{0C4C1689-CC00-46AC-BB84-05660BF015A8}.Release|x64.ActiveCfg = Release|Any CPU
		{0C4C1689-CC00-46AC-BB84-05660BF015A8}.Release|x64.Build.0 = Release|Any CPU
		{0C4C1689-CC00-46AC-BB84-05660BF015A8}.Release|x86.ActiveCfg = Release|Any CPU
		{0C4C1689-CC00-46AC-BB84-05660BF015A8}.Release|x86.Build.0 = Release|Any CPU
		{939D64CB-7E24-4A1C-8725-85B1B856E005}.Debug|Any CPU.ActiveCfg = Debug|Any CPU
		{939D64CB-7E24-4A1C-8725-85B1B856E005}.Debug|Any CPU.Build.0 = Debug|Any CPU
		{939D64CB-7E24-4A1C-8725-85B1B856E005}.Debug|x64.ActiveCfg = Debug|Any CPU
		{939D64CB-7E24-4A1C-8725-85B1B856E005}.Debug|x64.Build.0 = Debug|Any CPU
		{939D64CB-7E24-4A1C-8725-85B1B856E005}.Debug|x86.ActiveCfg = Debug|Any CPU
		{939D64CB-7E24-4A1C-8725-85B1B856E005}.Debug|x86.Build.0 = Debug|Any CPU
		{939D64CB-7E24-4A1C-8725-85B1B856E005}.Release|Any CPU.ActiveCfg = Release|Any CPU
		{939D64CB-7E24-4A1C-8725-85B1B856E005}.Release|Any CPU.Build.0 = Release|Any CPU
		{939D64CB-7E24-4A1C-8725-85B1B856E005}.Release|x64.ActiveCfg = Release|Any CPU
		{939D64CB-7E24-4A1C-8725-85B1B856E005}.Release|x64.Build.0 = Release|Any CPU
		{939D64CB-7E24-4A1C-8725-85B1B856E005}.Release|x86.ActiveCfg = Release|Any CPU
		{939D64CB-7E24-4A1C-8725-85B1B856E005}.Release|x86.Build.0 = Release|Any CPU
		{0517C187-EDB9-4A4A-93A6-815AEDD86E8C}.Debug|Any CPU.ActiveCfg = Debug|Any CPU
		{0517C187-EDB9-4A4A-93A6-815AEDD86E8C}.Debug|Any CPU.Build.0 = Debug|Any CPU
		{0517C187-EDB9-4A4A-93A6-815AEDD86E8C}.Debug|x64.ActiveCfg = Debug|Any CPU
		{0517C187-EDB9-4A4A-93A6-815AEDD86E8C}.Debug|x64.Build.0 = Debug|Any CPU
		{0517C187-EDB9-4A4A-93A6-815AEDD86E8C}.Debug|x86.ActiveCfg = Debug|Any CPU
		{0517C187-EDB9-4A4A-93A6-815AEDD86E8C}.Debug|x86.Build.0 = Debug|Any CPU
		{0517C187-EDB9-4A4A-93A6-815AEDD86E8C}.Release|Any CPU.ActiveCfg = Release|Any CPU
		{0517C187-EDB9-4A4A-93A6-815AEDD86E8C}.Release|Any CPU.Build.0 = Release|Any CPU
		{0517C187-EDB9-4A4A-93A6-815AEDD86E8C}.Release|x64.ActiveCfg = Release|Any CPU
		{0517C187-EDB9-4A4A-93A6-815AEDD86E8C}.Release|x64.Build.0 = Release|Any CPU
		{0517C187-EDB9-4A4A-93A6-815AEDD86E8C}.Release|x86.ActiveCfg = Release|Any CPU
		{0517C187-EDB9-4A4A-93A6-815AEDD86E8C}.Release|x86.Build.0 = Release|Any CPU
		{0E602A2E-E0AF-425C-A10C-BA466E14D547}.Debug|Any CPU.ActiveCfg = Debug|Any CPU
		{0E602A2E-E0AF-425C-A10C-BA466E14D547}.Debug|Any CPU.Build.0 = Debug|Any CPU
		{0E602A2E-E0AF-425C-A10C-BA466E14D547}.Debug|x64.ActiveCfg = Debug|Any CPU
		{0E602A2E-E0AF-425C-A10C-BA466E14D547}.Debug|x64.Build.0 = Debug|Any CPU
		{0E602A2E-E0AF-425C-A10C-BA466E14D547}.Debug|x86.ActiveCfg = Debug|Any CPU
		{0E602A2E-E0AF-425C-A10C-BA466E14D547}.Debug|x86.Build.0 = Debug|Any CPU
		{0E602A2E-E0AF-425C-A10C-BA466E14D547}.Release|Any CPU.ActiveCfg = Release|Any CPU
		{0E602A2E-E0AF-425C-A10C-BA466E14D547}.Release|Any CPU.Build.0 = Release|Any CPU
		{0E602A2E-E0AF-425C-A10C-BA466E14D547}.Release|x64.ActiveCfg = Release|Any CPU
		{0E602A2E-E0AF-425C-A10C-BA466E14D547}.Release|x64.Build.0 = Release|Any CPU
		{0E602A2E-E0AF-425C-A10C-BA466E14D547}.Release|x86.ActiveCfg = Release|Any CPU
		{0E602A2E-E0AF-425C-A10C-BA466E14D547}.Release|x86.Build.0 = Release|Any CPU
		{8F5FA053-B672-4962-B8FB-67409B0996D6}.Debug|Any CPU.ActiveCfg = Debug|Any CPU
		{8F5FA053-B672-4962-B8FB-67409B0996D6}.Debug|Any CPU.Build.0 = Debug|Any CPU
		{8F5FA053-B672-4962-B8FB-67409B0996D6}.Debug|x64.ActiveCfg = Debug|Any CPU
		{8F5FA053-B672-4962-B8FB-67409B0996D6}.Debug|x64.Build.0 = Debug|Any CPU
		{8F5FA053-B672-4962-B8FB-67409B0996D6}.Debug|x86.ActiveCfg = Debug|Any CPU
		{8F5FA053-B672-4962-B8FB-67409B0996D6}.Debug|x86.Build.0 = Debug|Any CPU
		{8F5FA053-B672-4962-B8FB-67409B0996D6}.Release|Any CPU.ActiveCfg = Release|Any CPU
		{8F5FA053-B672-4962-B8FB-67409B0996D6}.Release|Any CPU.Build.0 = Release|Any CPU
		{8F5FA053-B672-4962-B8FB-67409B0996D6}.Release|x64.ActiveCfg = Release|Any CPU
		{8F5FA053-B672-4962-B8FB-67409B0996D6}.Release|x64.Build.0 = Release|Any CPU
		{8F5FA053-B672-4962-B8FB-67409B0996D6}.Release|x86.ActiveCfg = Release|Any CPU
		{8F5FA053-B672-4962-B8FB-67409B0996D6}.Release|x86.Build.0 = Release|Any CPU
		{2F7F6AE2-0FA2-4C57-867E-76B468DFC77F}.Debug|Any CPU.ActiveCfg = Debug|Any CPU
		{2F7F6AE2-0FA2-4C57-867E-76B468DFC77F}.Debug|Any CPU.Build.0 = Debug|Any CPU
		{2F7F6AE2-0FA2-4C57-867E-76B468DFC77F}.Debug|x64.ActiveCfg = Debug|Any CPU
		{2F7F6AE2-0FA2-4C57-867E-76B468DFC77F}.Debug|x64.Build.0 = Debug|Any CPU
		{2F7F6AE2-0FA2-4C57-867E-76B468DFC77F}.Debug|x86.ActiveCfg = Debug|Any CPU
		{2F7F6AE2-0FA2-4C57-867E-76B468DFC77F}.Debug|x86.Build.0 = Debug|Any CPU
		{2F7F6AE2-0FA2-4C57-867E-76B468DFC77F}.Release|Any CPU.ActiveCfg = Release|Any CPU
		{2F7F6AE2-0FA2-4C57-867E-76B468DFC77F}.Release|Any CPU.Build.0 = Release|Any CPU
		{2F7F6AE2-0FA2-4C57-867E-76B468DFC77F}.Release|x64.ActiveCfg = Release|Any CPU
		{2F7F6AE2-0FA2-4C57-867E-76B468DFC77F}.Release|x64.Build.0 = Release|Any CPU
		{2F7F6AE2-0FA2-4C57-867E-76B468DFC77F}.Release|x86.ActiveCfg = Release|Any CPU
		{2F7F6AE2-0FA2-4C57-867E-76B468DFC77F}.Release|x86.Build.0 = Release|Any CPU
		{401A7C32-7ACF-44B8-AB04-064559C74908}.Debug|Any CPU.ActiveCfg = Debug|Any CPU
		{401A7C32-7ACF-44B8-AB04-064559C74908}.Debug|Any CPU.Build.0 = Debug|Any CPU
		{401A7C32-7ACF-44B8-AB04-064559C74908}.Debug|x64.ActiveCfg = Debug|Any CPU
		{401A7C32-7ACF-44B8-AB04-064559C74908}.Debug|x64.Build.0 = Debug|Any CPU
		{401A7C32-7ACF-44B8-AB04-064559C74908}.Debug|x86.ActiveCfg = Debug|Any CPU
		{401A7C32-7ACF-44B8-AB04-064559C74908}.Debug|x86.Build.0 = Debug|Any CPU
		{401A7C32-7ACF-44B8-AB04-064559C74908}.Release|Any CPU.ActiveCfg = Release|Any CPU
		{401A7C32-7ACF-44B8-AB04-064559C74908}.Release|Any CPU.Build.0 = Release|Any CPU
		{401A7C32-7ACF-44B8-AB04-064559C74908}.Release|x64.ActiveCfg = Release|Any CPU
		{401A7C32-7ACF-44B8-AB04-064559C74908}.Release|x64.Build.0 = Release|Any CPU
		{401A7C32-7ACF-44B8-AB04-064559C74908}.Release|x86.ActiveCfg = Release|Any CPU
		{401A7C32-7ACF-44B8-AB04-064559C74908}.Release|x86.Build.0 = Release|Any CPU
	EndGlobalSection
	GlobalSection(NestedProjects) = preSolution
		{0C4C1689-CC00-46AC-BB84-05660BF015A8} = {D205B9A9-3CCD-483D-9B5B-140081EEF483}
		{939D64CB-7E24-4A1C-8725-85B1B856E005} = {D205B9A9-3CCD-483D-9B5B-140081EEF483}
		{0517C187-EDB9-4A4A-93A6-815AEDD86E8C} = {D205B9A9-3CCD-483D-9B5B-140081EEF483}
		{0E602A2E-E0AF-425C-A10C-BA466E14D547} = {D205B9A9-3CCD-483D-9B5B-140081EEF483}
		{8F5FA053-B672-4962-B8FB-67409B0996D6} = {D205B9A9-3CCD-483D-9B5B-140081EEF483}
		{2F7F6AE2-0FA2-4C57-867E-76B468DFC77F} = {D205B9A9-3CCD-483D-9B5B-140081EEF483}
		{401A7C32-7ACF-44B8-AB04-064559C74908} = {D205B9A9-3CCD-483D-9B5B-140081EEF483}
	EndGlobalSection
EndGlobal
